
Microsoft Visual Studio Solution File, Format Version 12.00
# Visual Studio Version 16
VisualStudioVersion = 16.0.29509.3
MinimumVisualStudioVersion = 10.0.40219.1
Project("{9A19103F-16F7-4668-BE54-9A1E7A4F7556}") = "HakunaMatata", "HakunaMatata\HakunaMatata.csproj", "{D681CA2C-FECA-4742-8528-F471F9422BC9}"
EndProject
Global
	GlobalSection(SolutionConfigurationPlatforms) = preSolution
		Debug|Any CPU = Debug|Any CPU
		Release|Any CPU = Release|Any CPU
	EndGlobalSection
	GlobalSection(ProjectConfigurationPlatforms) = postSolution
		{D681CA2C-FECA-4742-8528-F471F9422BC9}.Debug|Any CPU.ActiveCfg = Debug|Any CPU
		{D681CA2C-FECA-4742-8528-F471F9422BC9}.Debug|Any CPU.Build.0 = Debug|Any CPU
		{D681CA2C-FECA-4742-8528-F471F9422BC9}.Release|Any CPU.ActiveCfg = Release|Any CPU
		{D681CA2C-FECA-4742-8528-F471F9422BC9}.Release|Any CPU.Build.0 = Release|Any CPU
	EndGlobalSection
	GlobalSection(SolutionProperties) = preSolution
		HideSolutionNode = FALSE
	EndGlobalSection
	GlobalSection(ExtensibilityGlobals) = postSolution
		SolutionGuid = {AEC69002-3D25-48EC-8145-1E86ECB7FC08}
	EndGlobalSection
EndGlobal
